<?xml version="1.0" encoding="utf-8"?>
<Project ToolsVersion="4.0" xmlns="http://schemas.microsoft.com/developer/msbuild/2003">
  <ItemGroup>
    <Filter Include="Source Files">
      <UniqueIdentifier>{4FC737F1-C7A5-4376-A066-2A32D752A2FF}</UniqueIdentifier>
      <Extensions>cpp;c;cc;cxx;def;odl;idl;hpj;bat;asm;asmx</Extensions>
    </Filter>
    <Filter Include="Header Files">
      <UniqueIdentifier>{93995380-89BD-4b04-88EB-625FBE52EBFB}</UniqueIdentifier>
      <Extensions>h;hpp;hxx;hm;inl;inc;xsd</Extensions>
    </Filter>
    <Filter Include="Resource Files">
      <UniqueIdentifier>{67DA6AB6-F800-4c08-8B7A-83BB121AAD01}</UniqueIdentifier>
      <Extensions>rc;ico;cur;bmp;dlg;rc2;rct;bin;rgs;gif;jpg;jpeg;jpe;resx;tiff;tif;png;wav;mfcribbon-ms</Extensions>
    </Filter>
  </ItemGroup>
  <ItemGroup>
    <ClCompile Include="agentlife.cpp">
      <Filter>Source Files</Filter>
    </ClCompile>
    <ClCompile Include="analysis.cpp">
      <Filter>Source Files</Filter>
    </ClCompile>
    <ClCompile Include="check_data_integrity.cpp">
      <Filter>Source Files</Filter>
    </ClCompile>
    <ClCompile Include="environment.cpp">
      <Filter>Source Files</Filter>
    </ClCompile>
    <ClCompile Include="evolution.cpp">
      <Filter>Source Files</Filter>
    </ClCompile>
    <ClCompile Include="learning.cpp">
      <Filter>Source Files</Filter>
    </ClCompile>
    <ClCompile Include="main.cpp">
      <Filter>Source Files</Filter>
    </ClCompile>
    <ClCompile Include="mutation.cpp">
      <Filter>Source Files</Filter>
    </ClCompile>
    <ClCompile Include="parallel.cpp">
      <Filter>Source Files</Filter>
    </ClCompile>
    <ClCompile Include="primary_systemogenesis.cpp">
      <Filter>Source Files</Filter>
    </ClCompile>
    <ClCompile Include="service.cpp">
      <Filter>Source Files</Filter>
    </ClCompile>
    <ClCompile Include="service_network.cpp">
      <Filter>Source Files</Filter>
    </ClCompile>
    <ClCompile Include="single_process.cpp">
      <Filter>Source Files</Filter>
    </ClCompile>
  </ItemGroup>
  <ItemGroup>
    <ClInclude Include="agentlife.h">
      <Filter>Header Files</Filter>
    </ClInclude>
    <ClInclude Include="analysis.h">
      <Filter>Header Files</Filter>
    </ClInclude>
    <ClInclude Include="check_data_integrity.h">
      <Filter>Header Files</Filter>
    </ClInclude>
    <ClInclude Include="environment.h">
      <Filter>Header Files</Filter>
    </ClInclude>
    <ClInclude Include="evolution.h">
      <Filter>Header Files</Filter>
    </ClInclude>
    <ClInclude Include="learning.h">
      <Filter>Header Files</Filter>
    </ClInclude>
    <ClInclude Include="mutation.h">
      <Filter>Header Files</Filter>
    </ClInclude>
    <ClInclude Include="parallel.h">
      <Filter>Header Files</Filter>
    </ClInclude>
    <ClInclude Include="primary_systemogenesis.h">
      <Filter>Header Files</Filter>
    </ClInclude>
    <ClInclude Include="service.h">
      <Filter>Header Files</Filter>
    </ClInclude>
    <ClInclude Include="service_network.h">
      <Filter>Header Files</Filter>
    </ClInclude>
    <ClInclude Include="single_process.h">
      <Filter>Header Files</Filter>
    </ClInclude>
    <ClInclude Include="types.h">
      <Filter>Header Files</Filter>
    </ClInclude>
  </ItemGroup>
</Project>